github.com/golang/crypto v0.23.0 h1:RShXj2uPTe4hHfGGjtFi5oIlDx7rF677+p5uAYM5izU=
github.com/golang/crypto v0.23.0/go.mod h1:CKFgDieR+mRhux2Lsu27y0fO304Db0wZe70UKqHu0v8=
github.com/golang/crypto v0.33.0 h1:dGoERO4vyc3vmuQ1bSdOdRIAtvXH8/K+bFjtYNBNM8Q=
github.com/golang/crypto v0.33.0/go.mod h1:bVdXmD7IV/4GdElGPozy6U7lWdRXA4qyRVGJV57uQ5M=
github.com/gorilla/websocket v1.5.3 h1:saDtZ6Pbx/0u+bgYQ3q96pZgCzfhKXGPqt7kZ72aNNg=
github.com/gorilla/websocket v1.5.3/go.mod h1:YR8l580nyteQvAITg2hZ9XVh4b55+EU/adAjf1fMHhE=
github.com/gotk3/gotk3 v0.6.4 h1:5ur/PRr86PwCG8eSj98D1eXvhrNNK6GILS2zq779dCg=
github.com/gotk3/gotk3 v0.6.4/go.mod h1:/hqFpkNa9T3JgNAE2fLvCdov7c5bw//FHNZrZ3Uv9/Q=
github.com/gotk3/gotk3 v0.6.5-0.20251124190141-e7a9e823ca35 h1:BelWQzAzJfSMA1qbuzoV9Tp57+NCvYouEA5cWVpYcSk=
github.com/gotk3/gotk3 v0.6.5-0.20251124190141-e7a9e823ca35/go.mod h1:/hqFpkNa9T3JgNAE2fLvCdov7c5bw//FHNZrZ3Uv9/Q=
